
Microsoft Visual Studio Solution File, Format Version 12.00
# Visual Studio Version 17
VisualStudioVersion = 17.9.34728.123
MinimumVisualStudioVersion = 10.0.40219.1
Project("{9A19103F-16F7-4668-BE54-9A1E7A4F7556}") = "PracticeForTelerickUI01COPY", "PracticeForTelerickUI01COPY.csproj", "{FCEFD7F3-DE4E-44AA-A845-ABB6DA098A0C}"
EndProject
Global
	GlobalSection(SolutionConfigurationPlatforms) = preSolution
		Debug|Any CPU = Debug|Any CPU
		Release|Any CPU = Release|Any CPU
	EndGlobalSection
	GlobalSection(ProjectConfigurationPlatforms) = postSolution
		{FCEFD7F3-DE4E-44AA-A845-ABB6DA098A0C}.Debug|Any CPU.ActiveCfg = Debug|Any CPU
		{FCEFD7F3-DE4E-44AA-A845-ABB6DA098A0C}.Debug|Any CPU.Build.0 = Debug|Any CPU
		{FCEFD7F3-DE4E-44AA-A845-ABB6DA098A0C}.Release|Any CPU.ActiveCfg = Release|Any CPU
		{FCEFD7F3-DE4E-44AA-A845-ABB6DA098A0C}.Release|Any CPU.Build.0 = Release|Any CPU
	EndGlobalSection
	GlobalSection(SolutionProperties) = preSolution
		HideSolutionNode = FALSE
	EndGlobalSection
	GlobalSection(ExtensibilityGlobals) = postSolution
		SolutionGuid = {B7B3705E-0D19-48B2-B5D2-F0E403BC44BA}
	EndGlobalSection
EndGlobal
